PODS:
  - SDWebImage/Core (5.9.4)
  - SDWebImageSVGCoder (1.5.2):
    - SDWebImage/Core (~> 5.6)

DEPENDENCIES:
  - SDWebImageSVGCoder

SPEC REPOS:
  trunk:
    - SDWebImage
    - SDWebImageSVGCoder

SPEC CHECKSUMS:
  SDWebImage: b69257f4ab14e9b6a2ef53e910fdf914d8f757c1
  SDWebImageSVGCoder: b0258f66521c222aba5c13ab29bdf35520d5d536

PODFILE CHECKSUM: c68068689ec7ec3b29a98f6564c829c9b1b3845b

COCOAPODS: 1.8.4
