// !$*UTF8*$!
{
	archiveVersion = 1;
	classes = {
	};
	objectVersion = 50;
	objects = {

/* Begin PBXBuildFile section */
		3E2153122555DE58005EA396 /* HttpRequest.swift in Sources */ = {isa = PBXBuildFile; fileRef = 3E2153112555DE58005EA396 /* HttpRequest.swift */; };
		3E2153182555DECD005EA396 /* SessionManager.swift in Sources */ = {isa = PBXBuildFile; fileRef = 3E2153172555DECD005EA396 /* SessionManager.swift */; };
		3E21531F2555E091005EA396 /* APIHandler.swift in Sources */ = {isa = PBXBuildFile; fileRef = 3E21531E2555E091005EA396 /* APIHandler.swift */; };
		3E2153272555E92B005EA396 /* Logger.swift in Sources */ = {isa = PBXBuildFile; fileRef = 3E2153262555E92B005EA396 /* Logger.swift */; };
		3E21532F2555E972005EA396 /* RequestError.swift in Sources */ = {isa = PBXBuildFile; fileRef = 3E21532E2555E972005EA396 /* RequestError.swift */; };
		3E21533C2557FA26005EA396 /* Utils.swift in Sources */ = {isa = PBXBuildFile; fileRef = 3E21533B2557FA26005EA396 /* Utils.swift */; };
		3E2153422557FBA8005EA396 /* BaseViewController.swift in Sources */ = {isa = PBXBuildFile; fileRef = 3E2153412557FBA8005EA396 /* BaseViewController.swift */; };
		3E21534B2557FBE9005EA396 /* UtilsDelegates.swift in Sources */ = {isa = PBXBuildFile; fileRef = 3E21534A2557FBE9005EA396 /* UtilsDelegates.swift */; };
		3E2153522557FF49005EA396 /* Localizable.strings in Resources */ = {isa = PBXBuildFile; fileRef = 3E2153512557FF49005EA396 /* Localizable.strings */; };
		3E33BA742554013000938D58 /* AppDelegate.swift in Sources */ = {isa = PBXBuildFile; fileRef = 3E33BA732554013000938D58 /* AppDelegate.swift */; };
		3E33BA762554013000938D58 /* SceneDelegate.swift in Sources */ = {isa = PBXBuildFile; fileRef = 3E33BA752554013000938D58 /* SceneDelegate.swift */; };
		3E33BA782554013000938D58 /* ViewController.swift in Sources */ = {isa = PBXBuildFile; fileRef = 3E33BA772554013000938D58 /* ViewController.swift */; };
		3E33BA7B2554013000938D58 /* Main.storyboard in Resources */ = {isa = PBXBuildFile; fileRef = 3E33BA792554013000938D58 /* Main.storyboard */; };
		3E33BA7E2554013000938D58 /* Brasileirao.xcdatamodeld in Sources */ = {isa = PBXBuildFile; fileRef = 3E33BA7C2554013000938D58 /* Brasileirao.xcdatamodeld */; };
		3E33BA802554013100938D58 /* Assets.xcassets in Resources */ = {isa = PBXBuildFile; fileRef = 3E33BA7F2554013100938D58 /* Assets.xcassets */; };
		3E33BA832554013100938D58 /* LaunchScreen.storyboard in Resources */ = {isa = PBXBuildFile; fileRef = 3E33BA812554013100938D58 /* LaunchScreen.storyboard */; };
		3E33BA992554013100938D58 /* BrasileiraoUITests.swift in Sources */ = {isa = PBXBuildFile; fileRef = 3E33BA982554013100938D58 /* BrasileiraoUITests.swift */; };
		3E33BAA8255411EE00938D58 /* campeonato_brasileiro.json in Resources */ = {isa = PBXBuildFile; fileRef = 3E33BAA7255411EE00938D58 /* campeonato_brasileiro.json */; };
		3E33BAA9255411EE00938D58 /* campeonato_brasileiro.json in Resources */ = {isa = PBXBuildFile; fileRef = 3E33BAA7255411EE00938D58 /* campeonato_brasileiro.json */; };
		3E33BAAA255411EE00938D58 /* campeonato_brasileiro.json in Resources */ = {isa = PBXBuildFile; fileRef = 3E33BAA7255411EE00938D58 /* campeonato_brasileiro.json */; };
		3E33BAB12554867900938D58 /* MockRequest.swift in Sources */ = {isa = PBXBuildFile; fileRef = 3E33BAB02554867900938D58 /* MockRequest.swift */; };
		3E33BAB42554881700938D58 /* BrasileiraoHttpCode.swift in Sources */ = {isa = PBXBuildFile; fileRef = 3E33BAB32554881700938D58 /* BrasileiraoHttpCode.swift */; };
		3E33BAB72554908D00938D58 /* StringExtension.swift in Sources */ = {isa = PBXBuildFile; fileRef = 3E33BAB62554908D00938D58 /* StringExtension.swift */; };
		3E8FD27025583EDF00E4DC50 /* CampeonatoParser.swift in Sources */ = {isa = PBXBuildFile; fileRef = 3E8FD26F25583EDF00E4DC50 /* CampeonatoParser.swift */; };
		3E8FD27725583F5000E4DC50 /* CampeonatoBrasileiro.swift in Sources */ = {isa = PBXBuildFile; fileRef = 3E8FD27625583F5000E4DC50 /* CampeonatoBrasileiro.swift */; };
		3E8FD2802558CFEA00E4DC50 /* CampeonatoBrasileiroService.swift in Sources */ = {isa = PBXBuildFile; fileRef = 3E8FD27F2558CFEA00E4DC50 /* CampeonatoBrasileiroService.swift */; };
		3E8FD288255911AC00E4DC50 /* RequestManager.swift in Sources */ = {isa = PBXBuildFile; fileRef = 3E8FD287255911AC00E4DC50 /* RequestManager.swift */; };
		3E8FD28D255915C800E4DC50 /* RequestEndpoints.swift in Sources */ = {isa = PBXBuildFile; fileRef = 3E8FD28C255915C800E4DC50 /* RequestEndpoints.swift */; };
		3E8FD292255921CF00E4DC50 /* APIHandlerTest.swift in Sources */ = {isa = PBXBuildFile; fileRef = 3E8FD291255921CF00E4DC50 /* APIHandlerTest.swift */; };
		3E8FD29C25592EE500E4DC50 /* CampeonatoParserTest.swift in Sources */ = {isa = PBXBuildFile; fileRef = 3E8FD29B25592EE500E4DC50 /* CampeonatoParserTest.swift */; };
		3E8FD2A62559431C00E4DC50 /* RequestEndpointsTest.swift in Sources */ = {isa = PBXBuildFile; fileRef = 3E8FD2A52559431C00E4DC50 /* RequestEndpointsTest.swift */; };
		3E8FD2AE2559440A00E4DC50 /* HttpRequestTest.swift in Sources */ = {isa = PBXBuildFile; fileRef = 3E8FD2AD2559440A00E4DC50 /* HttpRequestTest.swift */; };
		3E8FD2B92559786A00E4DC50 /* Team.swift in Sources */ = {isa = PBXBuildFile; fileRef = 3E8FD2B82559786A00E4DC50 /* Team.swift */; };
		3E8FD2C1255978A000E4DC50 /* TeamStanding.swift in Sources */ = {isa = PBXBuildFile; fileRef = 3E8FD2C0255978A000E4DC50 /* TeamStanding.swift */; };
		3E8FD2C6255978BB00E4DC50 /* Edition.swift in Sources */ = {isa = PBXBuildFile; fileRef = 3E8FD2C5255978BB00E4DC50 /* Edition.swift */; };
		3E8FD2D32559796D00E4DC50 /* Match.swift in Sources */ = {isa = PBXBuildFile; fileRef = 3E8FD2D22559796D00E4DC50 /* Match.swift */; };
		3E8FD2DA25597B2500E4DC50 /* Stadium.swift in Sources */ = {isa = PBXBuildFile; fileRef = 3E8FD2D925597B2500E4DC50 /* Stadium.swift */; };
		3E8FD2E62559C75900E4DC50 /* CampeonatoBrasileiroViewModel.swift in Sources */ = {isa = PBXBuildFile; fileRef = 3E8FD2E52559C75900E4DC50 /* CampeonatoBrasileiroViewModel.swift */; };
		3E8FD3012559C9E600E4DC50 /* TeamStandingViewModel.swift in Sources */ = {isa = PBXBuildFile; fileRef = 3E8FD3002559C9E600E4DC50 /* TeamStandingViewModel.swift */; };
		3E8FD3072559CCB000E4DC50 /* TeamViewModel.swift in Sources */ = {isa = PBXBuildFile; fileRef = 3E8FD3062559CCB000E4DC50 /* TeamViewModel.swift */; };
		3E8FD3152559D04600E4DC50 /* Cache.swift in Sources */ = {isa = PBXBuildFile; fileRef = 3E8FD3142559D04600E4DC50 /* Cache.swift */; };
		3E8FD3202559E25600E4DC50 /* MainManager.swift in Sources */ = {isa = PBXBuildFile; fileRef = 3E8FD31F2559E25600E4DC50 /* MainManager.swift */; };
		3E8FD3322559E35300E4DC50 /* CampeonatoBrasileiroHelper.swift in Sources */ = {isa = PBXBuildFile; fileRef = 3E8FD3312559E35300E4DC50 /* CampeonatoBrasileiroHelper.swift */; };
		3E8FD337255A09C200E4DC50 /* EditionViewModel.swift in Sources */ = {isa = PBXBuildFile; fileRef = 3E8FD336255A09C200E4DC50 /* EditionViewModel.swift */; };
		3E8FD341255A0EAF00E4DC50 /* CampeonatoBrasileiroViewModelTest.swift in Sources */ = {isa = PBXBuildFile; fileRef = 3E8FD340255A0EAF00E4DC50 /* CampeonatoBrasileiroViewModelTest.swift */; };
		3E8FD34A255A1DE400E4DC50 /* StadiumViewModel.swift in Sources */ = {isa = PBXBuildFile; fileRef = 3E8FD349255A1DE400E4DC50 /* StadiumViewModel.swift */; };
		3E8FD352255A1FAC00E4DC50 /* MatchViewModel.swift in Sources */ = {isa = PBXBuildFile; fileRef = 3E8FD351255A1FAC00E4DC50 /* MatchViewModel.swift */; };
		3E8FD358255A8A9A00E4DC50 /* DateExtension.swift in Sources */ = {isa = PBXBuildFile; fileRef = 3E8FD357255A8A9A00E4DC50 /* DateExtension.swift */; };
/* End PBXBuildFile section */

/* Begin PBXContainerItemProxy section */
		3E33BA8A2554013100938D58 /* PBXContainerItemProxy */ = {
			isa = PBXContainerItemProxy;
			containerPortal = 3E33BA682554013000938D58 /* Project object */;
			proxyType = 1;
			remoteGlobalIDString = 3E33BA6F2554013000938D58;
			remoteInfo = Brasileirao;
		};
		3E33BA952554013100938D58 /* PBXContainerItemProxy */ = {
			isa = PBXContainerItemProxy;
			containerPortal = 3E33BA682554013000938D58 /* Project object */;
			proxyType = 1;
			remoteGlobalIDString = 3E33BA6F2554013000938D58;
			remoteInfo = Brasileirao;
		};
/* End PBXContainerItemProxy section */

/* Begin PBXFileReference section */
		3E2153112555DE58005EA396 /* HttpRequest.swift */ = {isa = PBXFileReference; lastKnownFileType = sourcecode.swift; path = HttpRequest.swift; sourceTree = "<group>"; };
		3E2153172555DECD005EA396 /* SessionManager.swift */ = {isa = PBXFileReference; lastKnownFileType = sourcecode.swift; path = SessionManager.swift; sourceTree = "<group>"; };
		3E21531E2555E091005EA396 /* APIHandler.swift */ = {isa = PBXFileReference; lastKnownFileType = sourcecode.swift; path = APIHandler.swift; sourceTree = "<group>"; };
		3E2153262555E92B005EA396 /* Logger.swift */ = {isa = PBXFileReference; lastKnownFileType = sourcecode.swift; path = Logger.swift; sourceTree = "<group>"; };
		3E21532E2555E972005EA396 /* RequestError.swift */ = {isa = PBXFileReference; lastKnownFileType = sourcecode.swift; path = RequestError.swift; sourceTree = "<group>"; };
		3E21533B2557FA26005EA396 /* Utils.swift */ = {isa = PBXFileReference; lastKnownFileType = sourcecode.swift; path = Utils.swift; sourceTree = "<group>"; };
		3E2153412557FBA8005EA396 /* BaseViewController.swift */ = {isa = PBXFileReference; lastKnownFileType = sourcecode.swift; path = BaseViewController.swift; sourceTree = "<group>"; };
		3E21534A2557FBE9005EA396 /* UtilsDelegates.swift */ = {isa = PBXFileReference; lastKnownFileType = sourcecode.swift; path = UtilsDelegates.swift; sourceTree = "<group>"; };
		3E2153512557FF49005EA396 /* Localizable.strings */ = {isa = PBXFileReference; lastKnownFileType = text.plist.strings; path = Localizable.strings; sourceTree = "<group>"; };
		3E33BA702554013000938D58 /* Brasileirao.app */ = {isa = PBXFileReference; explicitFileType = wrapper.application; includeInIndex = 0; path = Brasileirao.app; sourceTree = BUILT_PRODUCTS_DIR; };
		3E33BA732554013000938D58 /* AppDelegate.swift */ = {isa = PBXFileReference; lastKnownFileType = sourcecode.swift; path = AppDelegate.swift; sourceTree = "<group>"; };
		3E33BA752554013000938D58 /* SceneDelegate.swift */ = {isa = PBXFileReference; lastKnownFileType = sourcecode.swift; path = SceneDelegate.swift; sourceTree = "<group>"; };
		3E33BA772554013000938D58 /* ViewController.swift */ = {isa = PBXFileReference; lastKnownFileType = sourcecode.swift; path = ViewController.swift; sourceTree = "<group>"; };
		3E33BA7A2554013000938D58 /* Base */ = {isa = PBXFileReference; lastKnownFileType = file.storyboard; name = Base; path = Base.lproj/Main.storyboard; sourceTree = "<group>"; };
		3E33BA7D2554013000938D58 /* Brasileirao.xcdatamodel */ = {isa = PBXFileReference; lastKnownFileType = wrapper.xcdatamodel; path = Brasileirao.xcdatamodel; sourceTree = "<group>"; };
		3E33BA7F2554013100938D58 /* Assets.xcassets */ = {isa = PBXFileReference; lastKnownFileType = folder.assetcatalog; path = Assets.xcassets; sourceTree = "<group>"; };
		3E33BA822554013100938D58 /* Base */ = {isa = PBXFileReference; lastKnownFileType = file.storyboard; name = Base; path = Base.lproj/LaunchScreen.storyboard; sourceTree = "<group>"; };
		3E33BA842554013100938D58 /* Info.plist */ = {isa = PBXFileReference; lastKnownFileType = text.plist.xml; path = Info.plist; sourceTree = "<group>"; };
		3E33BA892554013100938D58 /* BrasileiraoTests.xctest */ = {isa = PBXFileReference; explicitFileType = wrapper.cfbundle; includeInIndex = 0; path = BrasileiraoTests.xctest; sourceTree = BUILT_PRODUCTS_DIR; };
		3E33BA8F2554013100938D58 /* Info.plist */ = {isa = PBXFileReference; lastKnownFileType = text.plist.xml; path = Info.plist; sourceTree = "<group>"; };
		3E33BA942554013100938D58 /* BrasileiraoUITests.xctest */ = {isa = PBXFileReference; explicitFileType = wrapper.cfbundle; includeInIndex = 0; path = BrasileiraoUITests.xctest; sourceTree = BUILT_PRODUCTS_DIR; };
		3E33BA982554013100938D58 /* BrasileiraoUITests.swift */ = {isa = PBXFileReference; lastKnownFileType = sourcecode.swift; path = BrasileiraoUITests.swift; sourceTree = "<group>"; };
		3E33BA9A2554013100938D58 /* Info.plist */ = {isa = PBXFileReference; lastKnownFileType = text.plist.xml; path = Info.plist; sourceTree = "<group>"; };
		3E33BAA7255411EE00938D58 /* campeonato_brasileiro.json */ = {isa = PBXFileReference; lastKnownFileType = text.json; path = campeonato_brasileiro.json; sourceTree = "<group>"; };
		3E33BAB02554867900938D58 /* MockRequest.swift */ = {isa = PBXFileReference; lastKnownFileType = sourcecode.swift; path = MockRequest.swift; sourceTree = "<group>"; };
		3E33BAB32554881700938D58 /* BrasileiraoHttpCode.swift */ = {isa = PBXFileReference; lastKnownFileType = sourcecode.swift; path = BrasileiraoHttpCode.swift; sourceTree = "<group>"; };
		3E33BAB62554908D00938D58 /* StringExtension.swift */ = {isa = PBXFileReference; lastKnownFileType = sourcecode.swift; path = StringExtension.swift; sourceTree = "<group>"; };
		3E8FD26F25583EDF00E4DC50 /* CampeonatoParser.swift */ = {isa = PBXFileReference; lastKnownFileType = sourcecode.swift; path = CampeonatoParser.swift; sourceTree = "<group>"; };
		3E8FD27625583F5000E4DC50 /* CampeonatoBrasileiro.swift */ = {isa = PBXFileReference; lastKnownFileType = sourcecode.swift; path = CampeonatoBrasileiro.swift; sourceTree = "<group>"; };
		3E8FD27F2558CFEA00E4DC50 /* CampeonatoBrasileiroService.swift */ = {isa = PBXFileReference; lastKnownFileType = sourcecode.swift; path = CampeonatoBrasileiroService.swift; sourceTree = "<group>"; };
		3E8FD287255911AC00E4DC50 /* RequestManager.swift */ = {isa = PBXFileReference; lastKnownFileType = sourcecode.swift; path = RequestManager.swift; sourceTree = "<group>"; };
		3E8FD28C255915C800E4DC50 /* RequestEndpoints.swift */ = {isa = PBXFileReference; lastKnownFileType = sourcecode.swift; path = RequestEndpoints.swift; sourceTree = "<group>"; };
		3E8FD291255921CF00E4DC50 /* APIHandlerTest.swift */ = {isa = PBXFileReference; lastKnownFileType = sourcecode.swift; path = APIHandlerTest.swift; sourceTree = "<group>"; };
		3E8FD29B25592EE500E4DC50 /* CampeonatoParserTest.swift */ = {isa = PBXFileReference; lastKnownFileType = sourcecode.swift; path = CampeonatoParserTest.swift; sourceTree = "<group>"; };
		3E8FD2A52559431C00E4DC50 /* RequestEndpointsTest.swift */ = {isa = PBXFileReference; lastKnownFileType = sourcecode.swift; path = RequestEndpointsTest.swift; sourceTree = "<group>"; };
		3E8FD2AD2559440A00E4DC50 /* HttpRequestTest.swift */ = {isa = PBXFileReference; lastKnownFileType = sourcecode.swift; path = HttpRequestTest.swift; sourceTree = "<group>"; };
		3E8FD2B82559786A00E4DC50 /* Team.swift */ = {isa = PBXFileReference; lastKnownFileType = sourcecode.swift; path = Team.swift; sourceTree = "<group>"; };
		3E8FD2C0255978A000E4DC50 /* TeamStanding.swift */ = {isa = PBXFileReference; lastKnownFileType = sourcecode.swift; path = TeamStanding.swift; sourceTree = "<group>"; };
		3E8FD2C5255978BB00E4DC50 /* Edition.swift */ = {isa = PBXFileReference; lastKnownFileType = sourcecode.swift; path = Edition.swift; sourceTree = "<group>"; };
		3E8FD2D22559796D00E4DC50 /* Match.swift */ = {isa = PBXFileReference; lastKnownFileType = sourcecode.swift; path = Match.swift; sourceTree = "<group>"; };
		3E8FD2D925597B2500E4DC50 /* Stadium.swift */ = {isa = PBXFileReference; lastKnownFileType = sourcecode.swift; path = Stadium.swift; sourceTree = "<group>"; };
		3E8FD2E52559C75900E4DC50 /* CampeonatoBrasileiroViewModel.swift */ = {isa = PBXFileReference; lastKnownFileType = sourcecode.swift; path = CampeonatoBrasileiroViewModel.swift; sourceTree = "<group>"; };
		3E8FD3002559C9E600E4DC50 /* TeamStandingViewModel.swift */ = {isa = PBXFileReference; lastKnownFileType = sourcecode.swift; path = TeamStandingViewModel.swift; sourceTree = "<group>"; };
		3E8FD3062559CCB000E4DC50 /* TeamViewModel.swift */ = {isa = PBXFileReference; lastKnownFileType = sourcecode.swift; path = TeamViewModel.swift; sourceTree = "<group>"; };
		3E8FD3142559D04600E4DC50 /* Cache.swift */ = {isa = PBXFileReference; lastKnownFileType = sourcecode.swift; path = Cache.swift; sourceTree = "<group>"; };
		3E8FD31F2559E25600E4DC50 /* MainManager.swift */ = {isa = PBXFileReference; lastKnownFileType = sourcecode.swift; path = MainManager.swift; sourceTree = "<group>"; };
		3E8FD3312559E35300E4DC50 /* CampeonatoBrasileiroHelper.swift */ = {isa = PBXFileReference; lastKnownFileType = sourcecode.swift; path = CampeonatoBrasileiroHelper.swift; sourceTree = "<group>"; };
		3E8FD336255A09C200E4DC50 /* EditionViewModel.swift */ = {isa = PBXFileReference; lastKnownFileType = sourcecode.swift; path = EditionViewModel.swift; sourceTree = "<group>"; };
		3E8FD340255A0EAF00E4DC50 /* CampeonatoBrasileiroViewModelTest.swift */ = {isa = PBXFileReference; lastKnownFileType = sourcecode.swift; path = CampeonatoBrasileiroViewModelTest.swift; sourceTree = "<group>"; };
		3E8FD349255A1DE400E4DC50 /* StadiumViewModel.swift */ = {isa = PBXFileReference; lastKnownFileType = sourcecode.swift; path = StadiumViewModel.swift; sourceTree = "<group>"; };
		3E8FD351255A1FAC00E4DC50 /* MatchViewModel.swift */ = {isa = PBXFileReference; lastKnownFileType = sourcecode.swift; path = MatchViewModel.swift; sourceTree = "<group>"; };
		3E8FD357255A8A9A00E4DC50 /* DateExtension.swift */ = {isa = PBXFileReference; lastKnownFileType = sourcecode.swift; path = DateExtension.swift; sourceTree = "<group>"; };
/* End PBXFileReference section */

/* Begin PBXFrameworksBuildPhase section */
		3E33BA6D2554013000938D58 /* Frameworks */ = {
			isa = PBXFrameworksBuildPhase;
			buildActionMask = 2147483647;
			files = (
			);
			runOnlyForDeploymentPostprocessing = 0;
		};
		3E33BA862554013100938D58 /* Frameworks */ = {
			isa = PBXFrameworksBuildPhase;
			buildActionMask = 2147483647;
			files = (
			);
			runOnlyForDeploymentPostprocessing = 0;
		};
		3E33BA912554013100938D58 /* Frameworks */ = {
			isa = PBXFrameworksBuildPhase;
			buildActionMask = 2147483647;
			files = (
			);
			runOnlyForDeploymentPostprocessing = 0;
		};
/* End PBXFrameworksBuildPhase section */

/* Begin PBXGroup section */
		3E2153102555DE33005EA396 /* HttpRequest */ = {
			isa = PBXGroup;
			children = (
				3E33BAB32554881700938D58 /* BrasileiraoHttpCode.swift */,
				3E2153112555DE58005EA396 /* HttpRequest.swift */,
				3E21532E2555E972005EA396 /* RequestError.swift */,
				3E8FD287255911AC00E4DC50 /* RequestManager.swift */,
				3E8FD28C255915C800E4DC50 /* RequestEndpoints.swift */,
			);
			path = HttpRequest;
			sourceTree = "<group>";
		};
		3E2153162555DEA2005EA396 /* Session */ = {
			isa = PBXGroup;
			children = (
				3E2153172555DECD005EA396 /* SessionManager.swift */,
			);
			path = Session;
			sourceTree = "<group>";
		};
		3E21531D2555E07C005EA396 /* Handler */ = {
			isa = PBXGroup;
			children = (
				3E21531E2555E091005EA396 /* APIHandler.swift */,
				3E8FD3142559D04600E4DC50 /* Cache.swift */,
			);
			path = Handler;
			sourceTree = "<group>";
		};
		3E2153252555E91D005EA396 /* Logger */ = {
			isa = PBXGroup;
			children = (
				3E2153262555E92B005EA396 /* Logger.swift */,
			);
			path = Logger;
			sourceTree = "<group>";
		};
		3E2153402557FB8D005EA396 /* Core */ = {
			isa = PBXGroup;
			children = (
				3E2153412557FBA8005EA396 /* BaseViewController.swift */,
			);
			path = Core;
			sourceTree = "<group>";
		};
		3E2153492557FBCF005EA396 /* Utils */ = {
			isa = PBXGroup;
			children = (
				3E21533B2557FA26005EA396 /* Utils.swift */,
				3E21534A2557FBE9005EA396 /* UtilsDelegates.swift */,
			);
			path = Utils;
			sourceTree = "<group>";
		};
		3E21534F2557FEF0005EA396 /* Resources */ = {
			isa = PBXGroup;
			children = (
				3E33BAA6255411AC00938D58 /* Mocks */,
				3E2153502557FF14005EA396 /* Localization */,
			);
			path = Resources;
			sourceTree = "<group>";
		};
		3E2153502557FF14005EA396 /* Localization */ = {
			isa = PBXGroup;
			children = (
				3E2153512557FF49005EA396 /* Localizable.strings */,
			);
			path = Localization;
			sourceTree = "<group>";
		};
		3E33BA672554013000938D58 = {
			isa = PBXGroup;
			children = (
				3E33BA722554013000938D58 /* Brasileirao */,
				3E33BA8C2554013100938D58 /* BrasileiraoTests */,
				3E33BA972554013100938D58 /* BrasileiraoUITests */,
				3E33BA712554013000938D58 /* Products */,
			);
			sourceTree = "<group>";
		};
		3E33BA712554013000938D58 /* Products */ = {
			isa = PBXGroup;
			children = (
				3E33BA702554013000938D58 /* Brasileirao.app */,
				3E33BA892554013100938D58 /* BrasileiraoTests.xctest */,
				3E33BA942554013100938D58 /* BrasileiraoUITests.xctest */,
			);
			name = Products;
			sourceTree = "<group>";
		};
		3E33BA722554013000938D58 /* Brasileirao */ = {
			isa = PBXGroup;
			children = (
				3E8FD356255A8A8700E4DC50 /* Extensions */,
				3E8FD26D25583D6100E4DC50 /* Features */,
				3E21534F2557FEF0005EA396 /* Resources */,
				3E2153402557FB8D005EA396 /* Core */,
				3E33BAB52554906B00938D58 /* Helpers */,
				3E33BAB2255487D200938D58 /* Managers */,
				3E33BA732554013000938D58 /* AppDelegate.swift */,
				3E33BA752554013000938D58 /* SceneDelegate.swift */,
				3E33BA772554013000938D58 /* ViewController.swift */,
				3E33BA792554013000938D58 /* Main.storyboard */,
				3E33BA7F2554013100938D58 /* Assets.xcassets */,
				3E33BA812554013100938D58 /* LaunchScreen.storyboard */,
				3E33BA842554013100938D58 /* Info.plist */,
				3E33BA7C2554013000938D58 /* Brasileirao.xcdatamodeld */,
			);
			path = Brasileirao;
			sourceTree = "<group>";
		};
		3E33BA8C2554013100938D58 /* BrasileiraoTests */ = {
			isa = PBXGroup;
			children = (
				3E8FD2A3255942FB00E4DC50 /* Managers */,
				3E33BAAD255485F500938D58 /* Helpers */,
				3E33BAAB2554124600938D58 /* Features */,
				3E33BA8F2554013100938D58 /* Info.plist */,
			);
			path = BrasileiraoTests;
			sourceTree = "<group>";
		};
		3E33BA972554013100938D58 /* BrasileiraoUITests */ = {
			isa = PBXGroup;
			children = (
				3E33BA982554013100938D58 /* BrasileiraoUITests.swift */,
				3E33BA9A2554013100938D58 /* Info.plist */,
			);
			path = BrasileiraoUITests;
			sourceTree = "<group>";
		};
		3E33BAA6255411AC00938D58 /* Mocks */ = {
			isa = PBXGroup;
			children = (
				3E33BAA7255411EE00938D58 /* campeonato_brasileiro.json */,
			);
			path = Mocks;
			sourceTree = "<group>";
		};
		3E33BAAB2554124600938D58 /* Features */ = {
			isa = PBXGroup;
			children = (
				3E8FD29925592E8E00E4DC50 /* Leagues */,
			);
			path = Features;
			sourceTree = "<group>";
		};
		3E33BAAD255485F500938D58 /* Helpers */ = {
			isa = PBXGroup;
			children = (
				3E33BAB02554867900938D58 /* MockRequest.swift */,
				3E8FD291255921CF00E4DC50 /* APIHandlerTest.swift */,
			);
			path = Helpers;
			sourceTree = "<group>";
		};
		3E33BAB2255487D200938D58 /* Managers */ = {
			isa = PBXGroup;
			children = (
				3E2153252555E91D005EA396 /* Logger */,
				3E21531D2555E07C005EA396 /* Handler */,
				3E2153162555DEA2005EA396 /* Session */,
				3E2153102555DE33005EA396 /* HttpRequest */,
			);
			path = Managers;
			sourceTree = "<group>";
		};
		3E33BAB52554906B00938D58 /* Helpers */ = {
			isa = PBXGroup;
			children = (
				3E2153492557FBCF005EA396 /* Utils */,
			);
			path = Helpers;
			sourceTree = "<group>";
		};
		3E8FD26D25583D6100E4DC50 /* Features */ = {
			isa = PBXGroup;
			children = (
				3E8FD31E2559E22E00E4DC50 /* Main */,
				3E8FD2D725597AFB00E4DC50 /* Stadiums */,
				3E8FD2B2255977FE00E4DC50 /* Teams */,
				3E8FD26E25583EC400E4DC50 /* Leagues */,
			);
			path = Features;
			sourceTree = "<group>";
		};
		3E8FD26E25583EC400E4DC50 /* Leagues */ = {
			isa = PBXGroup;
			children = (
				3E8FD2B62559782D00E4DC50 /* CampeonatoBrasileiro */,
			);
			path = Leagues;
			sourceTree = "<group>";
		};
		3E8FD27425583F2C00E4DC50 /* Handler */ = {
			isa = PBXGroup;
			children = (
				3E8FD26F25583EDF00E4DC50 /* CampeonatoParser.swift */,
			);
			path = Handler;
			sourceTree = "<group>";
		};
		3E8FD27525583F3700E4DC50 /* Model */ = {
			isa = PBXGroup;
			children = (
				3E8FD27625583F5000E4DC50 /* CampeonatoBrasileiro.swift */,
				3E8FD2C0255978A000E4DC50 /* TeamStanding.swift */,
				3E8FD2C5255978BB00E4DC50 /* Edition.swift */,
				3E8FD2D22559796D00E4DC50 /* Match.swift */,
			);
			path = Model;
			sourceTree = "<group>";
		};
		3E8FD27E2558CFCF00E4DC50 /* Service */ = {
			isa = PBXGroup;
			children = (
				3E8FD27F2558CFEA00E4DC50 /* CampeonatoBrasileiroService.swift */,
			);
			path = Service;
			sourceTree = "<group>";
		};
		3E8FD29925592E8E00E4DC50 /* Leagues */ = {
			isa = PBXGroup;
			children = (
				3E8FD33B255A0E7A00E4DC50 /* CampeonatoBrasileiro */,
			);
			path = Leagues;
			sourceTree = "<group>";
		};
		3E8FD29A25592EC100E4DC50 /* handler */ = {
			isa = PBXGroup;
			children = (
				3E8FD29B25592EE500E4DC50 /* CampeonatoParserTest.swift */,
			);
			path = handler;
			sourceTree = "<group>";
		};
		3E8FD2A3255942FB00E4DC50 /* Managers */ = {
			isa = PBXGroup;
			children = (
				3E8FD2A42559430100E4DC50 /* HttpRequest */,
			);
			path = Managers;
			sourceTree = "<group>";
		};
		3E8FD2A42559430100E4DC50 /* HttpRequest */ = {
			isa = PBXGroup;
			children = (
				3E8FD2A52559431C00E4DC50 /* RequestEndpointsTest.swift */,
				3E8FD2AD2559440A00E4DC50 /* HttpRequestTest.swift */,
			);
			path = HttpRequest;
			sourceTree = "<group>";
		};
		3E8FD2B2255977FE00E4DC50 /* Teams */ = {
			isa = PBXGroup;
			children = (
				3E8FD3052559CC9E00E4DC50 /* ViewModel */,
				3E8FD2B72559785200E4DC50 /* Model */,
			);
			path = Teams;
			sourceTree = "<group>";
		};
		3E8FD2B62559782D00E4DC50 /* CampeonatoBrasileiro */ = {
			isa = PBXGroup;
			children = (
				3E8FD32A2559E2F100E4DC50 /* Helper */,
				3E8FD2E42559C73400E4DC50 /* ViewModel */,
				3E8FD27E2558CFCF00E4DC50 /* Service */,
				3E8FD27525583F3700E4DC50 /* Model */,
				3E8FD27425583F2C00E4DC50 /* Handler */,
			);
			path = CampeonatoBrasileiro;
			sourceTree = "<group>";
		};
		3E8FD2B72559785200E4DC50 /* Model */ = {
			isa = PBXGroup;
			children = (
				3E8FD2B82559786A00E4DC50 /* Team.swift */,
			);
			path = Model;
			sourceTree = "<group>";
		};
		3E8FD2D725597AFB00E4DC50 /* Stadiums */ = {
			isa = PBXGroup;
			children = (
				3E8FD348255A1DCA00E4DC50 /* ViewModel */,
				3E8FD2D825597B1500E4DC50 /* Model */,
			);
			path = Stadiums;
			sourceTree = "<group>";
		};
		3E8FD2D825597B1500E4DC50 /* Model */ = {
			isa = PBXGroup;
			children = (
				3E8FD2D925597B2500E4DC50 /* Stadium.swift */,
			);
			path = Model;
			sourceTree = "<group>";
		};
		3E8FD2E42559C73400E4DC50 /* ViewModel */ = {
			isa = PBXGroup;
			children = (
				3E8FD2E52559C75900E4DC50 /* CampeonatoBrasileiroViewModel.swift */,
				3E8FD3002559C9E600E4DC50 /* TeamStandingViewModel.swift */,
				3E8FD336255A09C200E4DC50 /* EditionViewModel.swift */,
				3E8FD351255A1FAC00E4DC50 /* MatchViewModel.swift */,
			);
			path = ViewModel;
			sourceTree = "<group>";
		};
		3E8FD3052559CC9E00E4DC50 /* ViewModel */ = {
			isa = PBXGroup;
			children = (
				3E8FD3062559CCB000E4DC50 /* TeamViewModel.swift */,
			);
			path = ViewModel;
			sourceTree = "<group>";
		};
		3E8FD31E2559E22E00E4DC50 /* Main */ = {
			isa = PBXGroup;
			children = (
				3E8FD31F2559E25600E4DC50 /* MainManager.swift */,
			);
			path = Main;
			sourceTree = "<group>";
		};
		3E8FD32A2559E2F100E4DC50 /* Helper */ = {
			isa = PBXGroup;
			children = (
				3E8FD3312559E35300E4DC50 /* CampeonatoBrasileiroHelper.swift */,
			);
			path = Helper;
			sourceTree = "<group>";
		};
		3E8FD33B255A0E7A00E4DC50 /* CampeonatoBrasileiro */ = {
			isa = PBXGroup;
			children = (
				3E8FD33F255A0E9500E4DC50 /* ViewModel */,
				3E8FD29A25592EC100E4DC50 /* handler */,
			);
			path = CampeonatoBrasileiro;
			sourceTree = "<group>";
		};
		3E8FD33F255A0E9500E4DC50 /* ViewModel */ = {
			isa = PBXGroup;
			children = (
				3E8FD340255A0EAF00E4DC50 /* CampeonatoBrasileiroViewModelTest.swift */,
			);
			path = ViewModel;
			sourceTree = "<group>";
		};
		3E8FD348255A1DCA00E4DC50 /* ViewModel */ = {
			isa = PBXGroup;
			children = (
				3E8FD349255A1DE400E4DC50 /* StadiumViewModel.swift */,
			);
			path = ViewModel;
			sourceTree = "<group>";
		};
		3E8FD356255A8A8700E4DC50 /* Extensions */ = {
			isa = PBXGroup;
			children = (
				3E33BAB62554908D00938D58 /* StringExtension.swift */,
				3E8FD357255A8A9A00E4DC50 /* DateExtension.swift */,
			);
			path = Extensions;
			sourceTree = "<group>";
		};
/* End PBXGroup section */

/* Begin PBXNativeTarget section */
		3E33BA6F2554013000938D58 /* Brasileirao */ = {
			isa = PBXNativeTarget;
			buildConfigurationList = 3E33BA9D2554013100938D58 /* Build configuration list for PBXNativeTarget "Brasileirao" */;
			buildPhases = (
				3E33BA6C2554013000938D58 /* Sources */,
				3E33BA6D2554013000938D58 /* Frameworks */,
				3E33BA6E2554013000938D58 /* Resources */,
			);
			buildRules = (
			);
			dependencies = (
			);
			name = Brasileirao;
			productName = Brasileirao;
			productReference = 3E33BA702554013000938D58 /* Brasileirao.app */;
			productType = "com.apple.product-type.application";
		};
		3E33BA882554013100938D58 /* BrasileiraoTests */ = {
			isa = PBXNativeTarget;
			buildConfigurationList = 3E33BAA02554013100938D58 /* Build configuration list for PBXNativeTarget "BrasileiraoTests" */;
			buildPhases = (
				3E33BA852554013100938D58 /* Sources */,
				3E33BA862554013100938D58 /* Frameworks */,
				3E33BA872554013100938D58 /* Resources */,
			);
			buildRules = (
			);
			dependencies = (
				3E33BA8B2554013100938D58 /* PBXTargetDependency */,
			);
			name = BrasileiraoTests;
			productName = BrasileiraoTests;
			productReference = 3E33BA892554013100938D58 /* BrasileiraoTests.xctest */;
			productType = "com.apple.product-type.bundle.unit-test";
		};
		3E33BA932554013100938D58 /* BrasileiraoUITests */ = {
			isa = PBXNativeTarget;
			buildConfigurationList = 3E33BAA32554013100938D58 /* Build configuration list for PBXNativeTarget "BrasileiraoUITests" */;
			buildPhases = (
				3E33BA902554013100938D58 /* Sources */,
				3E33BA912554013100938D58 /* Frameworks */,
				3E33BA922554013100938D58 /* Resources */,
			);
			buildRules = (
			);
			dependencies = (
				3E33BA962554013100938D58 /* PBXTargetDependency */,
			);
			name = BrasileiraoUITests;
			productName = BrasileiraoUITests;
			productReference = 3E33BA942554013100938D58 /* BrasileiraoUITests.xctest */;
			productType = "com.apple.product-type.bundle.ui-testing";
		};
/* End PBXNativeTarget section */

/* Begin PBXProject section */
		3E33BA682554013000938D58 /* Project object */ = {
			isa = PBXProject;
			attributes = {
				LastSwiftUpdateCheck = 1160;
				LastUpgradeCheck = 1160;
				ORGANIZATIONNAME = "Fabio Quintanilha";
				TargetAttributes = {
					3E33BA6F2554013000938D58 = {
						CreatedOnToolsVersion = 11.6;
					};
					3E33BA882554013100938D58 = {
						CreatedOnToolsVersion = 11.6;
						TestTargetID = 3E33BA6F2554013000938D58;
					};
					3E33BA932554013100938D58 = {
						CreatedOnToolsVersion = 11.6;
						TestTargetID = 3E33BA6F2554013000938D58;
					};
				};
			};
			buildConfigurationList = 3E33BA6B2554013000938D58 /* Build configuration list for PBXProject "Brasileirao" */;
			compatibilityVersion = "Xcode 9.3";
			developmentRegion = en;
			hasScannedForEncodings = 0;
			knownRegions = (
				en,
				Base,
			);
			mainGroup = 3E33BA672554013000938D58;
			productRefGroup = 3E33BA712554013000938D58 /* Products */;
			projectDirPath = "";
			projectRoot = "";
			targets = (
				3E33BA6F2554013000938D58 /* Brasileirao */,
				3E33BA882554013100938D58 /* BrasileiraoTests */,
				3E33BA932554013100938D58 /* BrasileiraoUITests */,
			);
		};
/* End PBXProject section */

/* Begin PBXResourcesBuildPhase section */
		3E33BA6E2554013000938D58 /* Resources */ = {
			isa = PBXResourcesBuildPhase;
			buildActionMask = 2147483647;
			files = (
				3E2153522557FF49005EA396 /* Localizable.strings in Resources */,
				3E33BAA8255411EE00938D58 /* campeonato_brasileiro.json in Resources */,
				3E33BA832554013100938D58 /* LaunchScreen.storyboard in Resources */,
				3E33BA802554013100938D58 /* Assets.xcassets in Resources */,
				3E33BA7B2554013000938D58 /* Main.storyboard in Resources */,
			);
			runOnlyForDeploymentPostprocessing = 0;
		};
		3E33BA872554013100938D58 /* Resources */ = {
			isa = PBXResourcesBuildPhase;
			buildActionMask = 2147483647;
			files = (
				3E33BAA9255411EE00938D58 /* campeonato_brasileiro.json in Resources */,
			);
			runOnlyForDeploymentPostprocessing = 0;
		};
		3E33BA922554013100938D58 /* Resources */ = {
			isa = PBXResourcesBuildPhase;
			buildActionMask = 2147483647;
			files = (
				3E33BAAA255411EE00938D58 /* campeonato_brasileiro.json in Resources */,
			);
			runOnlyForDeploymentPostprocessing = 0;
		};
/* End PBXResourcesBuildPhase section */

/* Begin PBXSourcesBuildPhase section */
		3E33BA6C2554013000938D58 /* Sources */ = {
			isa = PBXSourcesBuildPhase;
			buildActionMask = 2147483647;
			files = (
				3E33BA782554013000938D58 /* ViewController.swift in Sources */,
				3E8FD358255A8A9A00E4DC50 /* DateExtension.swift in Sources */,
				3E2153272555E92B005EA396 /* Logger.swift in Sources */,
				3E8FD3322559E35300E4DC50 /* CampeonatoBrasileiroHelper.swift in Sources */,
				3E33BA7E2554013000938D58 /* Brasileirao.xcdatamodeld in Sources */,
				3E21533C2557FA26005EA396 /* Utils.swift in Sources */,
				3E8FD2802558CFEA00E4DC50 /* CampeonatoBrasileiroService.swift in Sources */,
				3E8FD3012559C9E600E4DC50 /* TeamStandingViewModel.swift in Sources */,
				3E2153182555DECD005EA396 /* SessionManager.swift in Sources */,
				3E8FD27025583EDF00E4DC50 /* CampeonatoParser.swift in Sources */,
				3E8FD3072559CCB000E4DC50 /* TeamViewModel.swift in Sources */,
				3E8FD2DA25597B2500E4DC50 /* Stadium.swift in Sources */,
				3E8FD2D32559796D00E4DC50 /* Match.swift in Sources */,
				3E2153422557FBA8005EA396 /* BaseViewController.swift in Sources */,
				3E8FD2B92559786A00E4DC50 /* Team.swift in Sources */,
				3E33BAB72554908D00938D58 /* StringExtension.swift in Sources */,
				3E8FD3152559D04600E4DC50 /* Cache.swift in Sources */,
				3E8FD27725583F5000E4DC50 /* CampeonatoBrasileiro.swift in Sources */,
				3E8FD28D255915C800E4DC50 /* RequestEndpoints.swift in Sources */,
				3E8FD3202559E25600E4DC50 /* MainManager.swift in Sources */,
				3E8FD2C6255978BB00E4DC50 /* Edition.swift in Sources */,
				3E8FD34A255A1DE400E4DC50 /* StadiumViewModel.swift in Sources */,
				3E33BA742554013000938D58 /* AppDelegate.swift in Sources */,
				3E2153122555DE58005EA396 /* HttpRequest.swift in Sources */,
				3E21532F2555E972005EA396 /* RequestError.swift in Sources */,
				3E8FD2C1255978A000E4DC50 /* TeamStanding.swift in Sources */,
				3E8FD352255A1FAC00E4DC50 /* MatchViewModel.swift in Sources */,
				3E8FD2E62559C75900E4DC50 /* CampeonatoBrasileiroViewModel.swift in Sources */,
				3E21531F2555E091005EA396 /* APIHandler.swift in Sources */,
				3E33BAB42554881700938D58 /* BrasileiraoHttpCode.swift in Sources */,
				3E8FD337255A09C200E4DC50 /* EditionViewModel.swift in Sources */,
				3E8FD288255911AC00E4DC50 /* RequestManager.swift in Sources */,
				3E21534B2557FBE9005EA396 /* UtilsDelegates.swift in Sources */,
				3E33BA762554013000938D58 /* SceneDelegate.swift in Sources */,
			);
			runOnlyForDeploymentPostprocessing = 0;
		};
		3E33BA852554013100938D58 /* Sources */ = {
			isa = PBXSourcesBuildPhase;
			buildActionMask = 2147483647;
			files = (
				3E8FD29C25592EE500E4DC50 /* CampeonatoParserTest.swift in Sources */,
				3E8FD2A62559431C00E4DC50 /* RequestEndpointsTest.swift in Sources */,
				3E33BAB12554867900938D58 /* MockRequest.swift in Sources */,
				3E8FD341255A0EAF00E4DC50 /* CampeonatoBrasileiroViewModelTest.swift in Sources */,
				3E8FD292255921CF00E4DC50 /* APIHandlerTest.swift in Sources */,
				3E8FD2AE2559440A00E4DC50 /* HttpRequestTest.swift in Sources */,
			);
			runOnlyForDeploymentPostprocessing = 0;
		};
		3E33BA902554013100938D58 /* Sources */ = {
			isa = PBXSourcesBuildPhase;
			buildActionMask = 2147483647;
			files = (
				3E33BA992554013100938D58 /* BrasileiraoUITests.swift in Sources */,
			);
			runOnlyForDeploymentPostprocessing = 0;
		};
/* End PBXSourcesBuildPhase section */

/* Begin PBXTargetDependency section */
		3E33BA8B2554013100938D58 /* PBXTargetDependency */ = {
			isa = PBXTargetDependency;
			target = 3E33BA6F2554013000938D58 /* Brasileirao */;
			targetProxy = 3E33BA8A2554013100938D58 /* PBXContainerItemProxy */;
		};
		3E33BA962554013100938D58 /* PBXTargetDependency */ = {
			isa = PBXTargetDependency;
			target = 3E33BA6F2554013000938D58 /* Brasileirao */;
			targetProxy = 3E33BA952554013100938D58 /* PBXContainerItemProxy */;
		};
/* End PBXTargetDependency section */

/* Begin PBXVariantGroup section */
		3E33BA792554013000938D58 /* Main.storyboard */ = {
			isa = PBXVariantGroup;
			children = (
				3E33BA7A2554013000938D58 /* Base */,
			);
			name = Main.storyboard;
			sourceTree = "<group>";
		};
		3E33BA812554013100938D58 /* LaunchScreen.storyboard */ = {
			isa = PBXVariantGroup;
			children = (
				3E33BA822554013100938D58 /* Base */,
			);
			name = LaunchScreen.storyboard;
			sourceTree = "<group>";
		};
/* End PBXVariantGroup section */

/* Begin XCBuildConfiguration section */
		3E33BA9B2554013100938D58 /* Debug */ = {
			isa = XCBuildConfiguration;
			buildSettings = {
				ALWAYS_SEARCH_USER_PATHS = NO;
				CLANG_ANALYZER_NONNULL = YES;
				CLANG_ANALYZER_NUMBER_OBJECT_CONVERSION = YES_AGGRESSIVE;
				CLANG_CXX_LANGUAGE_STANDARD = "gnu++14";
				CLANG_CXX_LIBRARY = "libc++";
				CLANG_ENABLE_MODULES = YES;
				CLANG_ENABLE_OBJC_ARC = YES;
				CLANG_ENABLE_OBJC_WEAK = YES;
				CLANG_WARN_BLOCK_CAPTURE_AUTORELEASING = YES;
				CLANG_WARN_BOOL_CONVERSION = YES;
				CLANG_WARN_COMMA = YES;
				CLANG_WARN_CONSTANT_CONVERSION = YES;
				CLANG_WARN_DEPRECATED_OBJC_IMPLEMENTATIONS = YES;
				CLANG_WARN_DIRECT_OBJC_ISA_USAGE = YES_ERROR;
				CLANG_WARN_DOCUMENTATION_COMMENTS = YES;
				CLANG_WARN_EMPTY_BODY = YES;
				CLANG_WARN_ENUM_CONVERSION = YES;
				CLANG_WARN_INFINITE_RECURSION = YES;
				CLANG_WARN_INT_CONVERSION = YES;
				CLANG_WARN_NON_LITERAL_NULL_CONVERSION = YES;
				CLANG_WARN_OBJC_IMPLICIT_RETAIN_SELF = YES;
				CLANG_WARN_OBJC_LITERAL_CONVERSION = YES;
				CLANG_WARN_OBJC_ROOT_CLASS = YES_ERROR;
				CLANG_WARN_RANGE_LOOP_ANALYSIS = YES;
				CLANG_WARN_STRICT_PROTOTYPES = YES;
				CLANG_WARN_SUSPICIOUS_MOVE = YES;
				CLANG_WARN_UNGUARDED_AVAILABILITY = YES_AGGRESSIVE;
				CLANG_WARN_UNREACHABLE_CODE = YES;
				CLANG_WARN__DUPLICATE_METHOD_MATCH = YES;
				COPY_PHASE_STRIP = NO;
				DEBUG_INFORMATION_FORMAT = dwarf;
				ENABLE_STRICT_OBJC_MSGSEND = YES;
				ENABLE_TESTABILITY = YES;
				GCC_C_LANGUAGE_STANDARD = gnu11;
				GCC_DYNAMIC_NO_PIC = NO;
				GCC_NO_COMMON_BLOCKS = YES;
				GCC_OPTIMIZATION_LEVEL = 0;
				GCC_PREPROCESSOR_DEFINITIONS = (
					"DEBUG=1",
					"$(inherited)",
				);
				GCC_WARN_64_TO_32_BIT_CONVERSION = YES;
				GCC_WARN_ABOUT_RETURN_TYPE = YES_ERROR;
				GCC_WARN_UNDECLARED_SELECTOR = YES;
				GCC_WARN_UNINITIALIZED_AUTOS = YES_AGGRESSIVE;
				GCC_WARN_UNUSED_FUNCTION = YES;
				GCC_WARN_UNUSED_VARIABLE = YES;
				IPHONEOS_DEPLOYMENT_TARGET = 13.6;
				MTL_ENABLE_DEBUG_INFO = INCLUDE_SOURCE;
				MTL_FAST_MATH = YES;
				ONLY_ACTIVE_ARCH = YES;
				SDKROOT = iphoneos;
				SWIFT_ACTIVE_COMPILATION_CONDITIONS = DEBUG;
				SWIFT_OPTIMIZATION_LEVEL = "-Onone";
			};
			name = Debug;
		};
		3E33BA9C2554013100938D58 /* Release */ = {
			isa = XCBuildConfiguration;
			buildSettings = {
				ALWAYS_SEARCH_USER_PATHS = NO;
				CLANG_ANALYZER_NONNULL = YES;
				CLANG_ANALYZER_NUMBER_OBJECT_CONVERSION = YES_AGGRESSIVE;
				CLANG_CXX_LANGUAGE_STANDARD = "gnu++14";
				CLANG_CXX_LIBRARY = "libc++";
				CLANG_ENABLE_MODULES = YES;
				CLANG_ENABLE_OBJC_ARC = YES;
				CLANG_ENABLE_OBJC_WEAK = YES;
				CLANG_WARN_BLOCK_CAPTURE_AUTORELEASING = YES;
				CLANG_WARN_BOOL_CONVERSION = YES;
				CLANG_WARN_COMMA = YES;
				CLANG_WARN_CONSTANT_CONVERSION = YES;
				CLANG_WARN_DEPRECATED_OBJC_IMPLEMENTATIONS = YES;
				CLANG_WARN_DIRECT_OBJC_ISA_USAGE = YES_ERROR;
				CLANG_WARN_DOCUMENTATION_COMMENTS = YES;
				CLANG_WARN_EMPTY_BODY = YES;
				CLANG_WARN_ENUM_CONVERSION = YES;
				CLANG_WARN_INFINITE_RECURSION = YES;
				CLANG_WARN_INT_CONVERSION = YES;
				CLANG_WARN_NON_LITERAL_NULL_CONVERSION = YES;
				CLANG_WARN_OBJC_IMPLICIT_RETAIN_SELF = YES;
				CLANG_WARN_OBJC_LITERAL_CONVERSION = YES;
				CLANG_WARN_OBJC_ROOT_CLASS = YES_ERROR;
				CLANG_WARN_RANGE_LOOP_ANALYSIS = YES;
				CLANG_WARN_STRICT_PROTOTYPES = YES;
				CLANG_WARN_SUSPICIOUS_MOVE = YES;
				CLANG_WARN_UNGUARDED_AVAILABILITY = YES_AGGRESSIVE;
				CLANG_WARN_UNREACHABLE_CODE = YES;
				CLANG_WARN__DUPLICATE_METHOD_MATCH = YES;
				COPY_PHASE_STRIP = NO;
				DEBUG_INFORMATION_FORMAT = "dwarf-with-dsym";
				ENABLE_NS_ASSERTIONS = NO;
				ENABLE_STRICT_OBJC_MSGSEND = YES;
				GCC_C_LANGUAGE_STANDARD = gnu11;
				GCC_NO_COMMON_BLOCKS = YES;
				GCC_WARN_64_TO_32_BIT_CONVERSION = YES;
				GCC_WARN_ABOUT_RETURN_TYPE = YES_ERROR;
				GCC_WARN_UNDECLARED_SELECTOR = YES;
				GCC_WARN_UNINITIALIZED_AUTOS = YES_AGGRESSIVE;
				GCC_WARN_UNUSED_FUNCTION = YES;
				GCC_WARN_UNUSED_VARIABLE = YES;
				IPHONEOS_DEPLOYMENT_TARGET = 13.6;
				MTL_ENABLE_DEBUG_INFO = NO;
				MTL_FAST_MATH = YES;
				SDKROOT = iphoneos;
				SWIFT_COMPILATION_MODE = wholemodule;
				SWIFT_OPTIMIZATION_LEVEL = "-O";
				VALIDATE_PRODUCT = YES;
			};
			name = Release;
		};
		3E33BA9E2554013100938D58 /* Debug */ = {
			isa = XCBuildConfiguration;
			buildSettings = {
				ASSETCATALOG_COMPILER_APPICON_NAME = AppIcon;
				CODE_SIGN_STYLE = Automatic;
				DEVELOPMENT_TEAM = U8M84SE4ND;
				INFOPLIST_FILE = Brasileirao/Info.plist;
				LD_RUNPATH_SEARCH_PATHS = (
					"$(inherited)",
					"@executable_path/Frameworks",
				);
				PRODUCT_BUNDLE_IDENTIFIER = FabioQuintanilha.Brasileirao;
				PRODUCT_NAME = "$(TARGET_NAME)";
				SWIFT_VERSION = 5.0;
				TARGETED_DEVICE_FAMILY = "1,2";
			};
			name = Debug;
		};
		3E33BA9F2554013100938D58 /* Release */ = {
			isa = XCBuildConfiguration;
			buildSettings = {
				ASSETCATALOG_COMPILER_APPICON_NAME = AppIcon;
				CODE_SIGN_STYLE = Automatic;
				DEVELOPMENT_TEAM = U8M84SE4ND;
				INFOPLIST_FILE = Brasileirao/Info.plist;
				LD_RUNPATH_SEARCH_PATHS = (
					"$(inherited)",
					"@executable_path/Frameworks",
				);
				PRODUCT_BUNDLE_IDENTIFIER = FabioQuintanilha.Brasileirao;
				PRODUCT_NAME = "$(TARGET_NAME)";
				SWIFT_VERSION = 5.0;
				TARGETED_DEVICE_FAMILY = "1,2";
			};
			name = Release;
		};
		3E33BAA12554013100938D58 /* Debug */ = {
			isa = XCBuildConfiguration;
			buildSettings = {
				ALWAYS_EMBED_SWIFT_STANDARD_LIBRARIES = YES;
				BUNDLE_LOADER = "$(TEST_HOST)";
				CODE_SIGN_STYLE = Automatic;
				DEVELOPMENT_TEAM = U8M84SE4ND;
				INFOPLIST_FILE = BrasileiraoTests/Info.plist;
				IPHONEOS_DEPLOYMENT_TARGET = 13.6;
				LD_RUNPATH_SEARCH_PATHS = (
					"$(inherited)",
					"@executable_path/Frameworks",
					"@loader_path/Frameworks",
				);
				PRODUCT_BUNDLE_IDENTIFIER = FabioQuintanilha.BrasileiraoTests;
				PRODUCT_NAME = "$(TARGET_NAME)";
				SWIFT_VERSION = 5.0;
				TARGETED_DEVICE_FAMILY = "1,2";
				TEST_HOST = "$(BUILT_PRODUCTS_DIR)/Brasileirao.app/Brasileirao";
			};
			name = Debug;
		};
		3E33BAA22554013100938D58 /* Release */ = {
			isa = XCBuildConfiguration;
			buildSettings = {
				ALWAYS_EMBED_SWIFT_STANDARD_LIBRARIES = YES;
				BUNDLE_LOADER = "$(TEST_HOST)";
				CODE_SIGN_STYLE = Automatic;
				DEVELOPMENT_TEAM = U8M84SE4ND;
				INFOPLIST_FILE = BrasileiraoTests/Info.plist;
				IPHONEOS_DEPLOYMENT_TARGET = 13.6;
				LD_RUNPATH_SEARCH_PATHS = (
					"$(inherited)",
					"@executable_path/Frameworks",
					"@loader_path/Frameworks",
				);
				PRODUCT_BUNDLE_IDENTIFIER = FabioQuintanilha.BrasileiraoTests;
				PRODUCT_NAME = "$(TARGET_NAME)";
				SWIFT_VERSION = 5.0;
				TARGETED_DEVICE_FAMILY = "1,2";
				TEST_HOST = "$(BUILT_PRODUCTS_DIR)/Brasileirao.app/Brasileirao";
			};
			name = Release;
		};
		3E33BAA42554013100938D58 /* Debug */ = {
			isa = XCBuildConfiguration;
			buildSettings = {
				ALWAYS_EMBED_SWIFT_STANDARD_LIBRARIES = YES;
				CODE_SIGN_STYLE = Automatic;
				DEVELOPMENT_TEAM = U8M84SE4ND;
				INFOPLIST_FILE = BrasileiraoUITests/Info.plist;
				LD_RUNPATH_SEARCH_PATHS = (
					"$(inherited)",
					"@executable_path/Frameworks",
					"@loader_path/Frameworks",
				);
				PRODUCT_BUNDLE_IDENTIFIER = FabioQuintanilha.BrasileiraoUITests;
				PRODUCT_NAME = "$(TARGET_NAME)";
				SWIFT_VERSION = 5.0;
				TARGETED_DEVICE_FAMILY = "1,2";
				TEST_TARGET_NAME = Brasileirao;
			};
			name = Debug;
		};
		3E33BAA52554013100938D58 /* Release */ = {
			isa = XCBuildConfiguration;
			buildSettings = {
				ALWAYS_EMBED_SWIFT_STANDARD_LIBRARIES = YES;
				CODE_SIGN_STYLE = Automatic;
				DEVELOPMENT_TEAM = U8M84SE4ND;
				INFOPLIST_FILE = BrasileiraoUITests/Info.plist;
				LD_RUNPATH_SEARCH_PATHS = (
					"$(inherited)",
					"@executable_path/Frameworks",
					"@loader_path/Frameworks",
				);
				PRODUCT_BUNDLE_IDENTIFIER = FabioQuintanilha.BrasileiraoUITests;
				PRODUCT_NAME = "$(TARGET_NAME)";
				SWIFT_VERSION = 5.0;
				TARGETED_DEVICE_FAMILY = "1,2";
				TEST_TARGET_NAME = Brasileirao;
			};
			name = Release;
		};
/* End XCBuildConfiguration section */

/* Begin XCConfigurationList section */
		3E33BA6B2554013000938D58 /* Build configuration list for PBXProject "Brasileirao" */ = {
			isa = XCConfigurationList;
			buildConfigurations = (
				3E33BA9B2554013100938D58 /* Debug */,
				3E33BA9C2554013100938D58 /* Release */,
			);
			defaultConfigurationIsVisible = 0;
			defaultConfigurationName = Release;
		};
		3E33BA9D2554013100938D58 /* Build configuration list for PBXNativeTarget "Brasileirao" */ = {
			isa = XCConfigurationList;
			buildConfigurations = (
				3E33BA9E2554013100938D58 /* Debug */,
				3E33BA9F2554013100938D58 /* Release */,
			);
			defaultConfigurationIsVisible = 0;
			defaultConfigurationName = Release;
		};
		3E33BAA02554013100938D58 /* Build configuration list for PBXNativeTarget "BrasileiraoTests" */ = {
			isa = XCConfigurationList;
			buildConfigurations = (
				3E33BAA12554013100938D58 /* Debug */,
				3E33BAA22554013100938D58 /* Release */,
			);
			defaultConfigurationIsVisible = 0;
			defaultConfigurationName = Release;
		};
		3E33BAA32554013100938D58 /* Build configuration list for PBXNativeTarget "BrasileiraoUITests" */ = {
			isa = XCConfigurationList;
			buildConfigurations = (
				3E33BAA42554013100938D58 /* Debug */,
				3E33BAA52554013100938D58 /* Release */,
			);
			defaultConfigurationIsVisible = 0;
			defaultConfigurationName = Release;
		};
/* End XCConfigurationList section */

/* Begin XCVersionGroup section */
		3E33BA7C2554013000938D58 /* Brasileirao.xcdatamodeld */ = {
			isa = XCVersionGroup;
			children = (
				3E33BA7D2554013000938D58 /* Brasileirao.xcdatamodel */,
			);
			currentVersion = 3E33BA7D2554013000938D58 /* Brasileirao.xcdatamodel */;
			path = Brasileirao.xcdatamodeld;
			sourceTree = "<group>";
			versionGroupType = wrapper.xcdatamodel;
		};
/* End XCVersionGroup section */
	};
	rootObject = 3E33BA682554013000938D58 /* Project object */;
}
